
Microsoft Visual Studio Solution File, Format Version 12.00
# Visual Studio 15
VisualStudioVersion = 15.0.28307.168
MinimumVisualStudioVersion = 10.0.40219.1
Project("{FAE04EC0-301F-11D3-BF4B-00C04F79EFBC}") = "ConsoleApp1", "ConsoleApp1\ConsoleApp1.csproj", "{EAF82C73-E730-48DB-9C2D-01ADD3C45947}"
EndProject
Global
	GlobalSection(SolutionConfigurationPlatforms) = preSolution
		Debug|Any CPU = Debug|Any CPU
		Release|Any CPU = Release|Any CPU
	EndGlobalSection
	GlobalSection(ProjectConfigurationPlatforms) = postSolution
		{EAF82C73-E730-48DB-9C2D-01ADD3C45947}.Debug|Any CPU.ActiveCfg = Debug|Any CPU
		{EAF82C73-E730-48DB-9C2D-01ADD3C45947}.Debug|Any CPU.Build.0 = Debug|Any CPU
		{EAF82C73-E730-48DB-9C2D-01ADD3C45947}.Release|Any CPU.ActiveCfg = Release|Any CPU
		{EAF82C73-E730-48DB-9C2D-01ADD3C45947}.Release|Any CPU.Build.0 = Release|Any CPU
	EndGlobalSection
	GlobalSection(SolutionProperties) = preSolution
		HideSolutionNode = FALSE
	EndGlobalSection
	GlobalSection(ExtensibilityGlobals) = postSolution
		SolutionGuid = {C945DCA6-D534-451A-839B-22076C2A5FA3}
	EndGlobalSection
EndGlobal
